// !$*UTF8*$!
{
	archiveVersion = 1;
	classes = {
	};
	objectVersion = 50;
	objects = {

/* Begin PBXBuildFile section */
		002581CC248586DB00996809 /* AcknowledgeFrame.swift in Sources */ = {isa = PBXBuildFile; fileRef = 002581CB248586DB00996809 /* AcknowledgeFrame.swift */; };
		002581CE2485876100996809 /* NotAcknowledgeFrame.swift in Sources */ = {isa = PBXBuildFile; fileRef = 002581CD2485876100996809 /* NotAcknowledgeFrame.swift */; };
		002581D02485883300996809 /* BeginFrame.swift in Sources */ = {isa = PBXBuildFile; fileRef = 002581CF2485883300996809 /* BeginFrame.swift */; };
		002581D22485887D00996809 /* CommitFrame.swift in Sources */ = {isa = PBXBuildFile; fileRef = 002581D12485887D00996809 /* CommitFrame.swift */; };
		002581D42485889300996809 /* AbortFrame.swift in Sources */ = {isa = PBXBuildFile; fileRef = 002581D32485889300996809 /* AbortFrame.swift */; };
		002581D62485896D00996809 /* DisconnectFrame.swift in Sources */ = {isa = PBXBuildFile; fileRef = 002581D52485896D00996809 /* DisconnectFrame.swift */; };
		002581D9248A585100996809 /* ConnectedFrame.swift in Sources */ = {isa = PBXBuildFile; fileRef = 002581D8248A582900996809 /* ConnectedFrame.swift */; };
		002581DB248A93DD00996809 /* ReceiptFrame.swift in Sources */ = {isa = PBXBuildFile; fileRef = 002581DA248A93DD00996809 /* ReceiptFrame.swift */; };
		002581DD248A940A00996809 /* MessageFrame.swift in Sources */ = {isa = PBXBuildFile; fileRef = 002581DC248A940A00996809 /* MessageFrame.swift */; };
		002581DF248A945000996809 /* ErrorFrame.swift in Sources */ = {isa = PBXBuildFile; fileRef = 002581DE248A945000996809 /* ErrorFrame.swift */; };
		002581E7248BC4AC00996809 /* StompEncoder.swift in Sources */ = {isa = PBXBuildFile; fileRef = 002581E6248BC4AC00996809 /* StompEncoder.swift */; };
		002581EB248BDFEC00996809 /* StompDecoder.swift in Sources */ = {isa = PBXBuildFile; fileRef = 002581EA248BDFEC00996809 /* StompDecoder.swift */; };
		002581ED248BE00900996809 /* RawFrame.swift in Sources */ = {isa = PBXBuildFile; fileRef = 002581EC248BE00900996809 /* RawFrame.swift */; };
		002581F0248BE88F00996809 /* Stomp.swift in Sources */ = {isa = PBXBuildFile; fileRef = 002581EE248BE78600996809 /* Stomp.swift */; };
		002581F2248BEB3D00996809 /* StompDecoderTests.swift in Sources */ = {isa = PBXBuildFile; fileRef = 002581F1248BEB3D00996809 /* StompDecoderTests.swift */; };
		002581F4248BECC500996809 /* HeartBeat.swift in Sources */ = {isa = PBXBuildFile; fileRef = 002581F3248BECC400996809 /* HeartBeat.swift */; };
		002581F6248BF07700996809 /* StompFrameBuilder.swift in Sources */ = {isa = PBXBuildFile; fileRef = 002581F5248BF07700996809 /* StompFrameBuilder.swift */; };
		002581F8248C016F00996809 /* HeaderSet.swift in Sources */ = {isa = PBXBuildFile; fileRef = 002581F7248C016F00996809 /* HeaderSet.swift */; };
		002581FA248C146000996809 /* RawHeader.swift in Sources */ = {isa = PBXBuildFile; fileRef = 002581F9248C146000996809 /* RawHeader.swift */; };
		00B281B62484362400BA087A /* SendFrame.swift in Sources */ = {isa = PBXBuildFile; fileRef = 00B281B52484362400BA087A /* SendFrame.swift */; };
		00B281B824857F3C00BA087A /* SubscribeFrame.swift in Sources */ = {isa = PBXBuildFile; fileRef = 00B281B724857F3C00BA087A /* SubscribeFrame.swift */; };
		00B281C1248580A400BA087A /* TSKit_Core.framework in Frameworks */ = {isa = PBXBuildFile; fileRef = 00B281C0248580A400BA087A /* TSKit_Core.framework */; };
		00B281C2248580AB00BA087A /* TSKit_Core.framework in Frameworks */ = {isa = PBXBuildFile; fileRef = 00B281C0248580A400BA087A /* TSKit_Core.framework */; };
		00B281C3248580B300BA087A /* TSKit_Core.framework in CopyFiles */ = {isa = PBXBuildFile; fileRef = 00B281C0248580A400BA087A /* TSKit_Core.framework */; settings = {ATTRIBUTES = (CodeSignOnCopy, RemoveHeadersOnCopy, ); }; };
		00B281C52485851400BA087A /* UnsubscribeFrame.swift in Sources */ = {isa = PBXBuildFile; fileRef = 00B281C42485851400BA087A /* UnsubscribeFrame.swift */; };
		00F681132483D62B0026E9A2 /* TSKit_Stomp.framework in Frameworks */ = {isa = PBXBuildFile; fileRef = 00F681092483D62B0026E9A2 /* TSKit_Stomp.framework */; };
		00F681182483D62B0026E9A2 /* StompEncoderTests.swift in Sources */ = {isa = PBXBuildFile; fileRef = 00F681172483D62B0026E9A2 /* StompEncoderTests.swift */; };
		00F6811A2483D62B0026E9A2 /* TSKit_Stomp.h in Headers */ = {isa = PBXBuildFile; fileRef = 00F6810C2483D62B0026E9A2 /* TSKit_Stomp.h */; settings = {ATTRIBUTES = (Public, ); }; };
		00F6812A2483D7B00026E9A2 /* Command.swift in Sources */ = {isa = PBXBuildFile; fileRef = 00F681292483D7B00026E9A2 /* Command.swift */; };
		00F6812E2483DC420026E9A2 /* Client.swift in Sources */ = {isa = PBXBuildFile; fileRef = 00F6812D2483DC420026E9A2 /* Client.swift */; };
		00F68131248401130026E9A2 /* Starscream.framework in Frameworks */ = {isa = PBXBuildFile; fileRef = 00F68130248401130026E9A2 /* Starscream.framework */; };
		00F6813824840DC90026E9A2 /* Starscream.framework in Frameworks */ = {isa = PBXBuildFile; fileRef = 00F68130248401130026E9A2 /* Starscream.framework */; };
		00F6813B24840E990026E9A2 /* Starscream.framework in CopyFiles */ = {isa = PBXBuildFile; fileRef = 00F68130248401130026E9A2 /* Starscream.framework */; settings = {ATTRIBUTES = (CodeSignOnCopy, RemoveHeadersOnCopy, ); }; };
		00F68142248411C40026E9A2 /* String+OctetLength.swift in Sources */ = {isa = PBXBuildFile; fileRef = 00F68141248411C40026E9A2 /* String+OctetLength.swift */; };
		00F68145248412240026E9A2 /* AnyFrame.swift in Sources */ = {isa = PBXBuildFile; fileRef = 00F68144248412240026E9A2 /* AnyFrame.swift */; };
		00F6814D248415A00026E9A2 /* ConnectFrame.swift in Sources */ = {isa = PBXBuildFile; fileRef = 00F6814C248415A00026E9A2 /* ConnectFrame.swift */; };
/* End PBXBuildFile section */

/* Begin PBXContainerItemProxy section */
		00F681142483D62B0026E9A2 /* PBXContainerItemProxy */ = {
			isa = PBXContainerItemProxy;
			containerPortal = 00F681002483D62B0026E9A2 /* Project object */;
			proxyType = 1;
			remoteGlobalIDString = 00F681082483D62B0026E9A2;
			remoteInfo = TSKit.Stomp;
		};
/* End PBXContainerItemProxy section */

/* Begin PBXCopyFilesBuildPhase section */
		00F6813A24840E900026E9A2 /* CopyFiles */ = {
			isa = PBXCopyFilesBuildPhase;
			buildActionMask = 2147483647;
			dstPath = "";
			dstSubfolderSpec = 10;
			files = (
				00B281C3248580B300BA087A /* TSKit_Core.framework in CopyFiles */,
				00F6813B24840E990026E9A2 /* Starscream.framework in CopyFiles */,
			);
			runOnlyForDeploymentPostprocessing = 0;
		};
/* End PBXCopyFilesBuildPhase section */

/* Begin PBXFileReference section */
		002581CB248586DB00996809 /* AcknowledgeFrame.swift */ = {isa = PBXFileReference; lastKnownFileType = sourcecode.swift; path = AcknowledgeFrame.swift; sourceTree = "<group>"; };
		002581CD2485876100996809 /* NotAcknowledgeFrame.swift */ = {isa = PBXFileReference; lastKnownFileType = sourcecode.swift; path = NotAcknowledgeFrame.swift; sourceTree = "<group>"; };
		002581CF2485883300996809 /* BeginFrame.swift */ = {isa = PBXFileReference; lastKnownFileType = sourcecode.swift; path = BeginFrame.swift; sourceTree = "<group>"; };
		002581D12485887D00996809 /* CommitFrame.swift */ = {isa = PBXFileReference; lastKnownFileType = sourcecode.swift; path = CommitFrame.swift; sourceTree = "<group>"; };
		002581D32485889300996809 /* AbortFrame.swift */ = {isa = PBXFileReference; lastKnownFileType = sourcecode.swift; path = AbortFrame.swift; sourceTree = "<group>"; };
		002581D52485896D00996809 /* DisconnectFrame.swift */ = {isa = PBXFileReference; lastKnownFileType = sourcecode.swift; path = DisconnectFrame.swift; sourceTree = "<group>"; };
		002581D8248A582900996809 /* ConnectedFrame.swift */ = {isa = PBXFileReference; lastKnownFileType = sourcecode.swift; path = ConnectedFrame.swift; sourceTree = "<group>"; };
		002581DA248A93DD00996809 /* ReceiptFrame.swift */ = {isa = PBXFileReference; lastKnownFileType = sourcecode.swift; path = ReceiptFrame.swift; sourceTree = "<group>"; };
		002581DC248A940A00996809 /* MessageFrame.swift */ = {isa = PBXFileReference; lastKnownFileType = sourcecode.swift; path = MessageFrame.swift; sourceTree = "<group>"; };
		002581DE248A945000996809 /* ErrorFrame.swift */ = {isa = PBXFileReference; lastKnownFileType = sourcecode.swift; path = ErrorFrame.swift; sourceTree = "<group>"; };
		002581E6248BC4AC00996809 /* StompEncoder.swift */ = {isa = PBXFileReference; lastKnownFileType = sourcecode.swift; path = StompEncoder.swift; sourceTree = "<group>"; };
		002581EA248BDFEC00996809 /* StompDecoder.swift */ = {isa = PBXFileReference; lastKnownFileType = sourcecode.swift; path = StompDecoder.swift; sourceTree = "<group>"; };
		002581EC248BE00900996809 /* RawFrame.swift */ = {isa = PBXFileReference; lastKnownFileType = sourcecode.swift; path = RawFrame.swift; sourceTree = "<group>"; };
		002581EE248BE78600996809 /* Stomp.swift */ = {isa = PBXFileReference; lastKnownFileType = sourcecode.swift; path = Stomp.swift; sourceTree = "<group>"; };
		002581F1248BEB3D00996809 /* StompDecoderTests.swift */ = {isa = PBXFileReference; lastKnownFileType = sourcecode.swift; path = StompDecoderTests.swift; sourceTree = "<group>"; };
		002581F3248BECC400996809 /* HeartBeat.swift */ = {isa = PBXFileReference; lastKnownFileType = sourcecode.swift; path = HeartBeat.swift; sourceTree = "<group>"; };
		002581F5248BF07700996809 /* StompFrameBuilder.swift */ = {isa = PBXFileReference; lastKnownFileType = sourcecode.swift; path = StompFrameBuilder.swift; sourceTree = "<group>"; };
		002581F7248C016F00996809 /* HeaderSet.swift */ = {isa = PBXFileReference; lastKnownFileType = sourcecode.swift; path = HeaderSet.swift; sourceTree = "<group>"; };
		002581F9248C146000996809 /* RawHeader.swift */ = {isa = PBXFileReference; lastKnownFileType = sourcecode.swift; path = RawHeader.swift; sourceTree = "<group>"; };
		00B281B52484362400BA087A /* SendFrame.swift */ = {isa = PBXFileReference; lastKnownFileType = sourcecode.swift; path = SendFrame.swift; sourceTree = "<group>"; };
		00B281B724857F3C00BA087A /* SubscribeFrame.swift */ = {isa = PBXFileReference; lastKnownFileType = sourcecode.swift; path = SubscribeFrame.swift; sourceTree = "<group>"; };
		00B281C0248580A400BA087A /* TSKit_Core.framework */ = {isa = PBXFileReference; explicitFileType = wrapper.framework; path = TSKit_Core.framework; sourceTree = BUILT_PRODUCTS_DIR; };
		00B281C42485851400BA087A /* UnsubscribeFrame.swift */ = {isa = PBXFileReference; lastKnownFileType = sourcecode.swift; path = UnsubscribeFrame.swift; sourceTree = "<group>"; };
		00F681092483D62B0026E9A2 /* TSKit_Stomp.framework */ = {isa = PBXFileReference; explicitFileType = wrapper.framework; includeInIndex = 0; path = TSKit_Stomp.framework; sourceTree = BUILT_PRODUCTS_DIR; };
		00F6810C2483D62B0026E9A2 /* TSKit_Stomp.h */ = {isa = PBXFileReference; lastKnownFileType = sourcecode.c.h; path = TSKit_Stomp.h; sourceTree = "<group>"; };
		00F6810D2483D62B0026E9A2 /* Info.plist */ = {isa = PBXFileReference; lastKnownFileType = text.plist.xml; path = Info.plist; sourceTree = "<group>"; };
		00F681122483D62B0026E9A2 /* TSKit.StompTests.xctest */ = {isa = PBXFileReference; explicitFileType = wrapper.cfbundle; includeInIndex = 0; path = TSKit.StompTests.xctest; sourceTree = BUILT_PRODUCTS_DIR; };
		00F681172483D62B0026E9A2 /* StompEncoderTests.swift */ = {isa = PBXFileReference; lastKnownFileType = sourcecode.swift; path = StompEncoderTests.swift; sourceTree = "<group>"; };
		00F681192483D62B0026E9A2 /* Info.plist */ = {isa = PBXFileReference; lastKnownFileType = text.plist.xml; path = Info.plist; sourceTree = "<group>"; };
		00F681252483D7240026E9A2 /* Cartfile.resolved */ = {isa = PBXFileReference; lastKnownFileType = text; path = Cartfile.resolved; sourceTree = SOURCE_ROOT; };
		00F681262483D7240026E9A2 /* Cartfile */ = {isa = PBXFileReference; lastKnownFileType = text; path = Cartfile; sourceTree = SOURCE_ROOT; };
		00F681292483D7B00026E9A2 /* Command.swift */ = {isa = PBXFileReference; lastKnownFileType = sourcecode.swift; path = Command.swift; sourceTree = "<group>"; };
		00F6812D2483DC420026E9A2 /* Client.swift */ = {isa = PBXFileReference; lastKnownFileType = sourcecode.swift; path = Client.swift; sourceTree = "<group>"; };
		00F68130248401130026E9A2 /* Starscream.framework */ = {isa = PBXFileReference; lastKnownFileType = wrapper.framework; name = Starscream.framework; path = Carthage/Build/iOS/Starscream.framework; sourceTree = "<group>"; };
		00F68141248411C40026E9A2 /* String+OctetLength.swift */ = {isa = PBXFileReference; lastKnownFileType = sourcecode.swift; path = "String+OctetLength.swift"; sourceTree = "<group>"; };
		00F68144248412240026E9A2 /* AnyFrame.swift */ = {isa = PBXFileReference; lastKnownFileType = sourcecode.swift; path = AnyFrame.swift; sourceTree = "<group>"; };
		00F6814C248415A00026E9A2 /* ConnectFrame.swift */ = {isa = PBXFileReference; lastKnownFileType = sourcecode.swift; path = ConnectFrame.swift; sourceTree = "<group>"; };
/* End PBXFileReference section */

/* Begin PBXFrameworksBuildPhase section */
		00F681062483D62B0026E9A2 /* Frameworks */ = {
			isa = PBXFrameworksBuildPhase;
			buildActionMask = 2147483647;
			files = (
				00B281C1248580A400BA087A /* TSKit_Core.framework in Frameworks */,
				00F68131248401130026E9A2 /* Starscream.framework in Frameworks */,
			);
			runOnlyForDeploymentPostprocessing = 0;
		};
		00F6810F2483D62B0026E9A2 /* Frameworks */ = {
			isa = PBXFrameworksBuildPhase;
			buildActionMask = 2147483647;
			files = (
				00B281C2248580AB00BA087A /* TSKit_Core.framework in Frameworks */,
				00F6813824840DC90026E9A2 /* Starscream.framework in Frameworks */,
				00F681132483D62B0026E9A2 /* TSKit_Stomp.framework in Frameworks */,
			);
			runOnlyForDeploymentPostprocessing = 0;
		};
/* End PBXFrameworksBuildPhase section */

/* Begin PBXGroup section */
		002581D7248A57F900996809 /* Server */ = {
			isa = PBXGroup;
			children = (
				002581D8248A582900996809 /* ConnectedFrame.swift */,
				002581DA248A93DD00996809 /* ReceiptFrame.swift */,
				002581DC248A940A00996809 /* MessageFrame.swift */,
				002581DE248A945000996809 /* ErrorFrame.swift */,
			);
			name = Server;
			sourceTree = "<group>";
		};
		002581E5248BC49800996809 /* Serialization */ = {
			isa = PBXGroup;
			children = (
				002581E6248BC4AC00996809 /* StompEncoder.swift */,
				002581EA248BDFEC00996809 /* StompDecoder.swift */,
				002581EC248BE00900996809 /* RawFrame.swift */,
				002581F9248C146000996809 /* RawHeader.swift */,
			);
			path = Serialization;
			sourceTree = "<group>";
		};
		00B281C62485851D00BA087A /* Client */ = {
			isa = PBXGroup;
			children = (
				00F6814C248415A00026E9A2 /* ConnectFrame.swift */,
				002581D52485896D00996809 /* DisconnectFrame.swift */,
				00B281B52484362400BA087A /* SendFrame.swift */,
				00B281B724857F3C00BA087A /* SubscribeFrame.swift */,
				00B281C42485851400BA087A /* UnsubscribeFrame.swift */,
				002581CB248586DB00996809 /* AcknowledgeFrame.swift */,
				002581CD2485876100996809 /* NotAcknowledgeFrame.swift */,
				002581CF2485883300996809 /* BeginFrame.swift */,
				002581D12485887D00996809 /* CommitFrame.swift */,
				002581D32485889300996809 /* AbortFrame.swift */,
			);
			name = Client;
			sourceTree = "<group>";
		};
		00F680FF2483D62B0026E9A2 = {
			isa = PBXGroup;
			children = (
				00F6810B2483D62B0026E9A2 /* TSKit.Stomp */,
				00F681162483D62B0026E9A2 /* TSKit.StompTests */,
				00F6810A2483D62B0026E9A2 /* Products */,
				00F6812F248401130026E9A2 /* Frameworks */,
			);
			sourceTree = "<group>";
		};
		00F6810A2483D62B0026E9A2 /* Products */ = {
			isa = PBXGroup;
			children = (
				00F681092483D62B0026E9A2 /* TSKit_Stomp.framework */,
				00F681122483D62B0026E9A2 /* TSKit.StompTests.xctest */,
			);
			name = Products;
			sourceTree = "<group>";
		};
		00F6810B2483D62B0026E9A2 /* TSKit.Stomp */ = {
			isa = PBXGroup;
			children = (
				00F681232483D64C0026E9A2 /* Sources */,
				00F6810C2483D62B0026E9A2 /* TSKit_Stomp.h */,
				00F681262483D7240026E9A2 /* Cartfile */,
				00F681252483D7240026E9A2 /* Cartfile.resolved */,
				00F6810D2483D62B0026E9A2 /* Info.plist */,
			);
			path = TSKit.Stomp;
			sourceTree = "<group>";
		};
		00F681162483D62B0026E9A2 /* TSKit.StompTests */ = {
			isa = PBXGroup;
			children = (
				00F681172483D62B0026E9A2 /* StompEncoderTests.swift */,
				002581F1248BEB3D00996809 /* StompDecoderTests.swift */,
				00F681192483D62B0026E9A2 /* Info.plist */,
				002581F5248BF07700996809 /* StompFrameBuilder.swift */,
			);
			path = TSKit.StompTests;
			sourceTree = "<group>";
		};
		00F681232483D64C0026E9A2 /* Sources */ = {
			isa = PBXGroup;
			children = (
				002581EE248BE78600996809 /* Stomp.swift */,
				002581E5248BC49800996809 /* Serialization */,
				00F681492484154C0026E9A2 /* Extensions */,
				00F68148248415380026E9A2 /* Fragments */,
				00F68143248412160026E9A2 /* Frames */,
				00F6812D2483DC420026E9A2 /* Client.swift */,
			);
			path = Sources;
			sourceTree = "<group>";
		};
		00F6812F248401130026E9A2 /* Frameworks */ = {
			isa = PBXGroup;
			children = (
				00B281C0248580A400BA087A /* TSKit_Core.framework */,
				00F68130248401130026E9A2 /* Starscream.framework */,
			);
			name = Frameworks;
			sourceTree = "<group>";
		};
		00F68143248412160026E9A2 /* Frames */ = {
			isa = PBXGroup;
			children = (
				00F68144248412240026E9A2 /* AnyFrame.swift */,
				00B281C62485851D00BA087A /* Client */,
				002581D7248A57F900996809 /* Server */,
			);
			path = Frames;
			sourceTree = "<group>";
		};
		00F68148248415380026E9A2 /* Fragments */ = {
			isa = PBXGroup;
			children = (
				00F681292483D7B00026E9A2 /* Command.swift */,
				002581F3248BECC400996809 /* HeartBeat.swift */,
				002581F7248C016F00996809 /* HeaderSet.swift */,
			);
			path = Fragments;
			sourceTree = "<group>";
		};
		00F681492484154C0026E9A2 /* Extensions */ = {
			isa = PBXGroup;
			children = (
				00F68141248411C40026E9A2 /* String+OctetLength.swift */,
			);
			path = Extensions;
			sourceTree = "<group>";
		};
/* End PBXGroup section */

/* Begin PBXHeadersBuildPhase section */
		00F681042483D62B0026E9A2 /* Headers */ = {
			isa = PBXHeadersBuildPhase;
			buildActionMask = 2147483647;
			files = (
				00F6811A2483D62B0026E9A2 /* TSKit_Stomp.h in Headers */,
			);
			runOnlyForDeploymentPostprocessing = 0;
		};
/* End PBXHeadersBuildPhase section */

/* Begin PBXNativeTarget section */
		00F681082483D62B0026E9A2 /* TSKit.Stomp */ = {
			isa = PBXNativeTarget;
			buildConfigurationList = 00F6811D2483D62B0026E9A2 /* Build configuration list for PBXNativeTarget "TSKit.Stomp" */;
			buildPhases = (
				00F681042483D62B0026E9A2 /* Headers */,
				00F681052483D62B0026E9A2 /* Sources */,
				00F681062483D62B0026E9A2 /* Frameworks */,
				00F681072483D62B0026E9A2 /* Resources */,
			);
			buildRules = (
			);
			dependencies = (
			);
			name = TSKit.Stomp;
			productName = TSKit.Stomp;
			productReference = 00F681092483D62B0026E9A2 /* TSKit_Stomp.framework */;
			productType = "com.apple.product-type.framework";
		};
		00F681112483D62B0026E9A2 /* TSKit.StompTests */ = {
			isa = PBXNativeTarget;
			buildConfigurationList = 00F681202483D62B0026E9A2 /* Build configuration list for PBXNativeTarget "TSKit.StompTests" */;
			buildPhases = (
				00F6810E2483D62B0026E9A2 /* Sources */,
				00F6810F2483D62B0026E9A2 /* Frameworks */,
				00F681102483D62B0026E9A2 /* Resources */,
				00F6813A24840E900026E9A2 /* CopyFiles */,
			);
			buildRules = (
			);
			dependencies = (
				00F681152483D62B0026E9A2 /* PBXTargetDependency */,
			);
			name = TSKit.StompTests;
			productName = TSKit.StompTests;
			productReference = 00F681122483D62B0026E9A2 /* TSKit.StompTests.xctest */;
			productType = "com.apple.product-type.bundle.unit-test";
		};
/* End PBXNativeTarget section */

/* Begin PBXProject section */
		00F681002483D62B0026E9A2 /* Project object */ = {
			isa = PBXProject;
			attributes = {
				LastSwiftUpdateCheck = 1150;
				LastUpgradeCheck = 1150;
				ORGANIZATIONNAME = "Arkadii Hlushchevskyi";
				TargetAttributes = {
					00F681082483D62B0026E9A2 = {
						CreatedOnToolsVersion = 11.5;
						LastSwiftMigration = 1150;
					};
					00F681112483D62B0026E9A2 = {
						CreatedOnToolsVersion = 11.5;
					};
				};
			};
			buildConfigurationList = 00F681032483D62B0026E9A2 /* Build configuration list for PBXProject "TSKit.Stomp" */;
			compatibilityVersion = "Xcode 9.3";
			developmentRegion = en;
			hasScannedForEncodings = 0;
			knownRegions = (
				en,
				Base,
			);
			mainGroup = 00F680FF2483D62B0026E9A2;
			productRefGroup = 00F6810A2483D62B0026E9A2 /* Products */;
			projectDirPath = "";
			projectRoot = "";
			targets = (
				00F681082483D62B0026E9A2 /* TSKit.Stomp */,
				00F681112483D62B0026E9A2 /* TSKit.StompTests */,
			);
		};
/* End PBXProject section */

/* Begin PBXResourcesBuildPhase section */
		00F681072483D62B0026E9A2 /* Resources */ = {
			isa = PBXResourcesBuildPhase;
			buildActionMask = 2147483647;
			files = (
			);
			runOnlyForDeploymentPostprocessing = 0;
		};
		00F681102483D62B0026E9A2 /* Resources */ = {
			isa = PBXResourcesBuildPhase;
			buildActionMask = 2147483647;
			files = (
			);
			runOnlyForDeploymentPostprocessing = 0;
		};
/* End PBXResourcesBuildPhase section */

/* Begin PBXSourcesBuildPhase section */
		00F681052483D62B0026E9A2 /* Sources */ = {
			isa = PBXSourcesBuildPhase;
			buildActionMask = 2147483647;
			files = (
				002581D22485887D00996809 /* CommitFrame.swift in Sources */,
				00B281C52485851400BA087A /* UnsubscribeFrame.swift in Sources */,
				002581DD248A940A00996809 /* MessageFrame.swift in Sources */,
				002581D9248A585100996809 /* ConnectedFrame.swift in Sources */,
				002581F4248BECC500996809 /* HeartBeat.swift in Sources */,
				002581FA248C146000996809 /* RawHeader.swift in Sources */,
				002581E7248BC4AC00996809 /* StompEncoder.swift in Sources */,
				002581ED248BE00900996809 /* RawFrame.swift in Sources */,
				002581CC248586DB00996809 /* AcknowledgeFrame.swift in Sources */,
				00F6812A2483D7B00026E9A2 /* Command.swift in Sources */,
				00F68142248411C40026E9A2 /* String+OctetLength.swift in Sources */,
				002581F0248BE88F00996809 /* Stomp.swift in Sources */,
				002581EB248BDFEC00996809 /* StompDecoder.swift in Sources */,
				00F6814D248415A00026E9A2 /* ConnectFrame.swift in Sources */,
				002581D62485896D00996809 /* DisconnectFrame.swift in Sources */,
				00B281B824857F3C00BA087A /* SubscribeFrame.swift in Sources */,
				002581D02485883300996809 /* BeginFrame.swift in Sources */,
				002581DF248A945000996809 /* ErrorFrame.swift in Sources */,
				00B281B62484362400BA087A /* SendFrame.swift in Sources */,
				00F68145248412240026E9A2 /* AnyFrame.swift in Sources */,
				002581DB248A93DD00996809 /* ReceiptFrame.swift in Sources */,
				002581CE2485876100996809 /* NotAcknowledgeFrame.swift in Sources */,
				002581D42485889300996809 /* AbortFrame.swift in Sources */,
				002581F8248C016F00996809 /* HeaderSet.swift in Sources */,
				00F6812E2483DC420026E9A2 /* Client.swift in Sources */,
			);
			runOnlyForDeploymentPostprocessing = 0;
		};
		00F6810E2483D62B0026E9A2 /* Sources */ = {
			isa = PBXSourcesBuildPhase;
			buildActionMask = 2147483647;
			files = (
				002581F6248BF07700996809 /* StompFrameBuilder.swift in Sources */,
				002581F2248BEB3D00996809 /* StompDecoderTests.swift in Sources */,
				00F681182483D62B0026E9A2 /* StompEncoderTests.swift in Sources */,
			);
			runOnlyForDeploymentPostprocessing = 0;
		};
/* End PBXSourcesBuildPhase section */

/* Begin PBXTargetDependency section */
		00F681152483D62B0026E9A2 /* PBXTargetDependency */ = {
			isa = PBXTargetDependency;
			target = 00F681082483D62B0026E9A2 /* TSKit.Stomp */;
			targetProxy = 00F681142483D62B0026E9A2 /* PBXContainerItemProxy */;
		};
/* End PBXTargetDependency section */

/* Begin XCBuildConfiguration section */
		00F6811B2483D62B0026E9A2 /* Debug */ = {
			isa = XCBuildConfiguration;
			buildSettings = {
				ALWAYS_SEARCH_USER_PATHS = NO;
				CLANG_ANALYZER_NONNULL = YES;
				CLANG_ANALYZER_NUMBER_OBJECT_CONVERSION = YES_AGGRESSIVE;
				CLANG_CXX_LANGUAGE_STANDARD = "gnu++14";
				CLANG_CXX_LIBRARY = "libc++";
				CLANG_ENABLE_MODULES = YES;
				CLANG_ENABLE_OBJC_ARC = YES;
				CLANG_ENABLE_OBJC_WEAK = YES;
				CLANG_WARN_BLOCK_CAPTURE_AUTORELEASING = YES;
				CLANG_WARN_BOOL_CONVERSION = YES;
				CLANG_WARN_COMMA = YES;
				CLANG_WARN_CONSTANT_CONVERSION = YES;
				CLANG_WARN_DEPRECATED_OBJC_IMPLEMENTATIONS = YES;
				CLANG_WARN_DIRECT_OBJC_ISA_USAGE = YES_ERROR;
				CLANG_WARN_DOCUMENTATION_COMMENTS = YES;
				CLANG_WARN_EMPTY_BODY = YES;
				CLANG_WARN_ENUM_CONVERSION = YES;
				CLANG_WARN_INFINITE_RECURSION = YES;
				CLANG_WARN_INT_CONVERSION = YES;
				CLANG_WARN_NON_LITERAL_NULL_CONVERSION = YES;
				CLANG_WARN_OBJC_IMPLICIT_RETAIN_SELF = YES;
				CLANG_WARN_OBJC_LITERAL_CONVERSION = YES;
				CLANG_WARN_OBJC_ROOT_CLASS = YES_ERROR;
				CLANG_WARN_RANGE_LOOP_ANALYSIS = YES;
				CLANG_WARN_STRICT_PROTOTYPES = YES;
				CLANG_WARN_SUSPICIOUS_MOVE = YES;
				CLANG_WARN_UNGUARDED_AVAILABILITY = YES_AGGRESSIVE;
				CLANG_WARN_UNREACHABLE_CODE = YES;
				CLANG_WARN__DUPLICATE_METHOD_MATCH = YES;
				COPY_PHASE_STRIP = NO;
				CURRENT_PROJECT_VERSION = 1;
				DEBUG_INFORMATION_FORMAT = dwarf;
				ENABLE_STRICT_OBJC_MSGSEND = YES;
				ENABLE_TESTABILITY = YES;
				GCC_C_LANGUAGE_STANDARD = gnu11;
				GCC_DYNAMIC_NO_PIC = NO;
				GCC_NO_COMMON_BLOCKS = YES;
				GCC_OPTIMIZATION_LEVEL = 0;
				GCC_PREPROCESSOR_DEFINITIONS = (
					"DEBUG=1",
					"$(inherited)",
				);
				GCC_WARN_64_TO_32_BIT_CONVERSION = YES;
				GCC_WARN_ABOUT_RETURN_TYPE = YES_ERROR;
				GCC_WARN_UNDECLARED_SELECTOR = YES;
				GCC_WARN_UNINITIALIZED_AUTOS = YES_AGGRESSIVE;
				GCC_WARN_UNUSED_FUNCTION = YES;
				GCC_WARN_UNUSED_VARIABLE = YES;
				IPHONEOS_DEPLOYMENT_TARGET = 13.5;
				MTL_ENABLE_DEBUG_INFO = INCLUDE_SOURCE;
				MTL_FAST_MATH = YES;
				ONLY_ACTIVE_ARCH = YES;
				SDKROOT = iphoneos;
				SWIFT_ACTIVE_COMPILATION_CONDITIONS = DEBUG;
				SWIFT_OPTIMIZATION_LEVEL = "-Onone";
				VERSIONING_SYSTEM = "apple-generic";
				VERSION_INFO_PREFIX = "";
			};
			name = Debug;
		};
		00F6811C2483D62B0026E9A2 /* Release */ = {
			isa = XCBuildConfiguration;
			buildSettings = {
				ALWAYS_SEARCH_USER_PATHS = NO;
				CLANG_ANALYZER_NONNULL = YES;
				CLANG_ANALYZER_NUMBER_OBJECT_CONVERSION = YES_AGGRESSIVE;
				CLANG_CXX_LANGUAGE_STANDARD = "gnu++14";
				CLANG_CXX_LIBRARY = "libc++";
				CLANG_ENABLE_MODULES = YES;
				CLANG_ENABLE_OBJC_ARC = YES;
				CLANG_ENABLE_OBJC_WEAK = YES;
				CLANG_WARN_BLOCK_CAPTURE_AUTORELEASING = YES;
				CLANG_WARN_BOOL_CONVERSION = YES;
				CLANG_WARN_COMMA = YES;
				CLANG_WARN_CONSTANT_CONVERSION = YES;
				CLANG_WARN_DEPRECATED_OBJC_IMPLEMENTATIONS = YES;
				CLANG_WARN_DIRECT_OBJC_ISA_USAGE = YES_ERROR;
				CLANG_WARN_DOCUMENTATION_COMMENTS = YES;
				CLANG_WARN_EMPTY_BODY = YES;
				CLANG_WARN_ENUM_CONVERSION = YES;
				CLANG_WARN_INFINITE_RECURSION = YES;
				CLANG_WARN_INT_CONVERSION = YES;
				CLANG_WARN_NON_LITERAL_NULL_CONVERSION = YES;
				CLANG_WARN_OBJC_IMPLICIT_RETAIN_SELF = YES;
				CLANG_WARN_OBJC_LITERAL_CONVERSION = YES;
				CLANG_WARN_OBJC_ROOT_CLASS = YES_ERROR;
				CLANG_WARN_RANGE_LOOP_ANALYSIS = YES;
				CLANG_WARN_STRICT_PROTOTYPES = YES;
				CLANG_WARN_SUSPICIOUS_MOVE = YES;
				CLANG_WARN_UNGUARDED_AVAILABILITY = YES_AGGRESSIVE;
				CLANG_WARN_UNREACHABLE_CODE = YES;
				CLANG_WARN__DUPLICATE_METHOD_MATCH = YES;
				COPY_PHASE_STRIP = NO;
				CURRENT_PROJECT_VERSION = 1;
				DEBUG_INFORMATION_FORMAT = "dwarf-with-dsym";
				ENABLE_NS_ASSERTIONS = NO;
				ENABLE_STRICT_OBJC_MSGSEND = YES;
				GCC_C_LANGUAGE_STANDARD = gnu11;
				GCC_NO_COMMON_BLOCKS = YES;
				GCC_WARN_64_TO_32_BIT_CONVERSION = YES;
				GCC_WARN_ABOUT_RETURN_TYPE = YES_ERROR;
				GCC_WARN_UNDECLARED_SELECTOR = YES;
				GCC_WARN_UNINITIALIZED_AUTOS = YES_AGGRESSIVE;
				GCC_WARN_UNUSED_FUNCTION = YES;
				GCC_WARN_UNUSED_VARIABLE = YES;
				IPHONEOS_DEPLOYMENT_TARGET = 13.5;
				MTL_ENABLE_DEBUG_INFO = NO;
				MTL_FAST_MATH = YES;
				SDKROOT = iphoneos;
				SWIFT_COMPILATION_MODE = wholemodule;
				SWIFT_OPTIMIZATION_LEVEL = "-O";
				VALIDATE_PRODUCT = YES;
				VERSIONING_SYSTEM = "apple-generic";
				VERSION_INFO_PREFIX = "";
			};
			name = Release;
		};
		00F6811E2483D62B0026E9A2 /* Debug */ = {
			isa = XCBuildConfiguration;
			buildSettings = {
				CLANG_ENABLE_MODULES = YES;
				CODE_SIGN_STYLE = Automatic;
				DEFINES_MODULE = YES;
				DEVELOPMENT_TEAM = P2NBF8K2F9;
				DYLIB_COMPATIBILITY_VERSION = 1;
				DYLIB_CURRENT_VERSION = 1;
				DYLIB_INSTALL_NAME_BASE = "@rpath";
				FRAMEWORK_SEARCH_PATHS = (
					"$(inherited)",
					"$(PROJECT_DIR)/Carthage/Build/iOS",
				);
				INFOPLIST_FILE = TSKit.Stomp/Info.plist;
				INSTALL_PATH = "$(LOCAL_LIBRARY_DIR)/Frameworks";
				IPHONEOS_DEPLOYMENT_TARGET = 10.0;
				LD_RUNPATH_SEARCH_PATHS = (
					"$(inherited)",
					"@executable_path/Frameworks",
					"@loader_path/Frameworks",
				);
				MARKETING_VERSION = 1.0.0;
				PRODUCT_BUNDLE_IDENTIFIER = com.glar.networking.stomp;
				PRODUCT_NAME = "$(TARGET_NAME:c99extidentifier)";
				SKIP_INSTALL = YES;
				SWIFT_OPTIMIZATION_LEVEL = "-Onone";
				SWIFT_VERSION = 5.0;
				TARGETED_DEVICE_FAMILY = "1,2";
			};
			name = Debug;
		};
		00F6811F2483D62B0026E9A2 /* Release */ = {
			isa = XCBuildConfiguration;
			buildSettings = {
				CLANG_ENABLE_MODULES = YES;
				CODE_SIGN_STYLE = Automatic;
				DEFINES_MODULE = YES;
				DEVELOPMENT_TEAM = P2NBF8K2F9;
				DYLIB_COMPATIBILITY_VERSION = 1;
				DYLIB_CURRENT_VERSION = 1;
				DYLIB_INSTALL_NAME_BASE = "@rpath";
				FRAMEWORK_SEARCH_PATHS = (
					"$(inherited)",
					"$(PROJECT_DIR)/Carthage/Build/iOS",
				);
				INFOPLIST_FILE = TSKit.Stomp/Info.plist;
				INSTALL_PATH = "$(LOCAL_LIBRARY_DIR)/Frameworks";
				IPHONEOS_DEPLOYMENT_TARGET = 10.0;
				LD_RUNPATH_SEARCH_PATHS = (
					"$(inherited)",
					"@executable_path/Frameworks",
					"@loader_path/Frameworks",
				);
				MARKETING_VERSION = 1.0.0;
				PRODUCT_BUNDLE_IDENTIFIER = com.glar.networking.stomp;
				PRODUCT_NAME = "$(TARGET_NAME:c99extidentifier)";
				SKIP_INSTALL = YES;
				SWIFT_VERSION = 5.0;
				TARGETED_DEVICE_FAMILY = "1,2";
			};
			name = Release;
		};
		00F681212483D62B0026E9A2 /* Debug */ = {
			isa = XCBuildConfiguration;
			buildSettings = {
				ALWAYS_EMBED_SWIFT_STANDARD_LIBRARIES = YES;
				CODE_SIGN_STYLE = Automatic;
				DEVELOPMENT_TEAM = P2NBF8K2F9;
				FRAMEWORK_SEARCH_PATHS = "$(PROJECT_DIR)/Carthage/Build/iOS";
				INFOPLIST_FILE = TSKit.StompTests/Info.plist;
				LD_RUNPATH_SEARCH_PATHS = (
					"$(inherited)",
					"@executable_path/Frameworks",
					"@loader_path/Frameworks",
				);
				PRODUCT_BUNDLE_IDENTIFIER = "com.glar.networking.stomp.TSKit-StompTests";
				PRODUCT_NAME = "$(TARGET_NAME)";
				SWIFT_VERSION = 5.0;
				TARGETED_DEVICE_FAMILY = "1,2";
			};
			name = Debug;
		};
		00F681222483D62B0026E9A2 /* Release */ = {
			isa = XCBuildConfiguration;
			buildSettings = {
				ALWAYS_EMBED_SWIFT_STANDARD_LIBRARIES = YES;
				CODE_SIGN_STYLE = Automatic;
				DEVELOPMENT_TEAM = P2NBF8K2F9;
				FRAMEWORK_SEARCH_PATHS = "$(PROJECT_DIR)/Carthage/Build/iOS";
				INFOPLIST_FILE = TSKit.StompTests/Info.plist;
				LD_RUNPATH_SEARCH_PATHS = (
					"$(inherited)",
					"@executable_path/Frameworks",
					"@loader_path/Frameworks",
				);
				PRODUCT_BUNDLE_IDENTIFIER = "com.glar.networking.stomp.TSKit-StompTests";
				PRODUCT_NAME = "$(TARGET_NAME)";
				SWIFT_VERSION = 5.0;
				TARGETED_DEVICE_FAMILY = "1,2";
			};
			name = Release;
		};
/* End XCBuildConfiguration section */

/* Begin XCConfigurationList section */
		00F681032483D62B0026E9A2 /* Build configuration list for PBXProject "TSKit.Stomp" */ = {
			isa = XCConfigurationList;
			buildConfigurations = (
				00F6811B2483D62B0026E9A2 /* Debug */,
				00F6811C2483D62B0026E9A2 /* Release */,
			);
			defaultConfigurationIsVisible = 0;
			defaultConfigurationName = Release;
		};
		00F6811D2483D62B0026E9A2 /* Build configuration list for PBXNativeTarget "TSKit.Stomp" */ = {
			isa = XCConfigurationList;
			buildConfigurations = (
				00F6811E2483D62B0026E9A2 /* Debug */,
				00F6811F2483D62B0026E9A2 /* Release */,
			);
			defaultConfigurationIsVisible = 0;
			defaultConfigurationName = Release;
		};
		00F681202483D62B0026E9A2 /* Build configuration list for PBXNativeTarget "TSKit.StompTests" */ = {
			isa = XCConfigurationList;
			buildConfigurations = (
				00F681212483D62B0026E9A2 /* Debug */,
				00F681222483D62B0026E9A2 /* Release */,
			);
			defaultConfigurationIsVisible = 0;
			defaultConfigurationName = Release;
		};
/* End XCConfigurationList section */
	};
	rootObject = 00F681002483D62B0026E9A2 /* Project object */;
}
